// !$*UTF8*$!
{
	archiveVersion = 1;
	classes = {
	};
	objectVersion = 50;
	objects = {

/* Begin PBXBuildFile section */
		82AE15C1236523A700B631F7 /* AppDelegate.swift in Sources */ = {isa = PBXBuildFile; fileRef = 82AE15C0236523A700B631F7 /* AppDelegate.swift */; };
		82AE15C3236523A700B631F7 /* SceneDelegate.swift in Sources */ = {isa = PBXBuildFile; fileRef = 82AE15C2236523A700B631F7 /* SceneDelegate.swift */; };
		82AE15C5236523A700B631F7 /* ViewController.swift in Sources */ = {isa = PBXBuildFile; fileRef = 82AE15C4236523A700B631F7 /* ViewController.swift */; };
		82AE15C8236523A700B631F7 /* Main.storyboard in Resources */ = {isa = PBXBuildFile; fileRef = 82AE15C6236523A700B631F7 /* Main.storyboard */; };
		82AE15CA236523A800B631F7 /* Assets.xcassets in Resources */ = {isa = PBXBuildFile; fileRef = 82AE15C9236523A800B631F7 /* Assets.xcassets */; };
		82AE15CD236523A800B631F7 /* LaunchScreen.storyboard in Resources */ = {isa = PBXBuildFile; fileRef = 82AE15CB236523A800B631F7 /* LaunchScreen.storyboard */; };
		82AE15D8236523A800B631F7 /* HomingGameTests.swift in Sources */ = {isa = PBXBuildFile; fileRef = 82AE15D7236523A800B631F7 /* HomingGameTests.swift */; };
		82AE15E32365252D00B631F7 /* BoardView.swift in Sources */ = {isa = PBXBuildFile; fileRef = 82AE15E22365252D00B631F7 /* BoardView.swift */; };
/* End PBXBuildFile section */

/* Begin PBXContainerItemProxy section */
		82AE15D4236523A800B631F7 /* PBXContainerItemProxy */ = {
			isa = PBXContainerItemProxy;
			containerPortal = 82AE15B5236523A700B631F7 /* Project object */;
			proxyType = 1;
			remoteGlobalIDString = 82AE15BC236523A700B631F7;
			remoteInfo = HomingGame;
		};
/* End PBXContainerItemProxy section */

/* Begin PBXFileReference section */
		82AE15BD236523A700B631F7 /* HomingGame.app */ = {isa = PBXFileReference; explicitFileType = wrapper.application; includeInIndex = 0; path = HomingGame.app; sourceTree = BUILT_PRODUCTS_DIR; };
		82AE15C0236523A700B631F7 /* AppDelegate.swift */ = {isa = PBXFileReference; lastKnownFileType = sourcecode.swift; path = AppDelegate.swift; sourceTree = "<group>"; };
		82AE15C2236523A700B631F7 /* SceneDelegate.swift */ = {isa = PBXFileReference; lastKnownFileType = sourcecode.swift; path = SceneDelegate.swift; sourceTree = "<group>"; };
		82AE15C4236523A700B631F7 /* ViewController.swift */ = {isa = PBXFileReference; lastKnownFileType = sourcecode.swift; path = ViewController.swift; sourceTree = "<group>"; };
		82AE15C7236523A700B631F7 /* Base */ = {isa = PBXFileReference; lastKnownFileType = file.storyboard; name = Base; path = Base.lproj/Main.storyboard; sourceTree = "<group>"; };
		82AE15C9236523A800B631F7 /* Assets.xcassets */ = {isa = PBXFileReference; lastKnownFileType = folder.assetcatalog; path = Assets.xcassets; sourceTree = "<group>"; };
		82AE15CC236523A800B631F7 /* Base */ = {isa = PBXFileReference; lastKnownFileType = file.storyboard; name = Base; path = Base.lproj/LaunchScreen.storyboard; sourceTree = "<group>"; };
		82AE15CE236523A800B631F7 /* Info.plist */ = {isa = PBXFileReference; lastKnownFileType = text.plist.xml; path = Info.plist; sourceTree = "<group>"; };
		82AE15D3236523A800B631F7 /* HomingGameTests.xctest */ = {isa = PBXFileReference; explicitFileType = wrapper.cfbundle; includeInIndex = 0; path = HomingGameTests.xctest; sourceTree = BUILT_PRODUCTS_DIR; };
		82AE15D7236523A800B631F7 /* HomingGameTests.swift */ = {isa = PBXFileReference; lastKnownFileType = sourcecode.swift; path = HomingGameTests.swift; sourceTree = "<group>"; };
		82AE15D9236523A800B631F7 /* Info.plist */ = {isa = PBXFileReference; lastKnownFileType = text.plist.xml; path = Info.plist; sourceTree = "<group>"; };
		82AE15E22365252D00B631F7 /* BoardView.swift */ = {isa = PBXFileReference; lastKnownFileType = sourcecode.swift; path = BoardView.swift; sourceTree = "<group>"; };
/* End PBXFileReference section */

/* Begin PBXFrameworksBuildPhase section */
		82AE15BA236523A700B631F7 /* Frameworks */ = {
			isa = PBXFrameworksBuildPhase;
			buildActionMask = 2147483647;
			files = (
			);
			runOnlyForDeploymentPostprocessing = 0;
		};
		82AE15D0236523A800B631F7 /* Frameworks */ = {
			isa = PBXFrameworksBuildPhase;
			buildActionMask = 2147483647;
			files = (
			);
			runOnlyForDeploymentPostprocessing = 0;
		};
/* End PBXFrameworksBuildPhase section */

/* Begin PBXGroup section */
		82AE15B4236523A700B631F7 = {
			isa = PBXGroup;
			children = (
				82AE15BF236523A700B631F7 /* HomingGame */,
				82AE15D6236523A800B631F7 /* HomingGameTests */,
				82AE15BE236523A700B631F7 /* Products */,
			);
			sourceTree = "<group>";
		};
		82AE15BE236523A700B631F7 /* Products */ = {
			isa = PBXGroup;
			children = (
				82AE15BD236523A700B631F7 /* HomingGame.app */,
				82AE15D3236523A800B631F7 /* HomingGameTests.xctest */,
			);
			name = Products;
			sourceTree = "<group>";
		};
		82AE15BF236523A700B631F7 /* HomingGame */ = {
			isa = PBXGroup;
			children = (
				82AE15C0236523A700B631F7 /* AppDelegate.swift */,
				82AE15C2236523A700B631F7 /* SceneDelegate.swift */,
				82AE15C4236523A700B631F7 /* ViewController.swift */,
				82AE15E22365252D00B631F7 /* BoardView.swift */,
				82AE15C6236523A700B631F7 /* Main.storyboard */,
				82AE15C9236523A800B631F7 /* Assets.xcassets */,
				82AE15CB236523A800B631F7 /* LaunchScreen.storyboard */,
				82AE15CE236523A800B631F7 /* Info.plist */,
			);
			path = HomingGame;
			sourceTree = "<group>";
		};
		82AE15D6236523A800B631F7 /* HomingGameTests */ = {
			isa = PBXGroup;
			children = (
				82AE15D7236523A800B631F7 /* HomingGameTests.swift */,
				82AE15D9236523A800B631F7 /* Info.plist */,
			);
			path = HomingGameTests;
			sourceTree = "<group>";
		};
/* End PBXGroup section */

/* Begin PBXNativeTarget section */
		82AE15BC236523A700B631F7 /* HomingGame */ = {
			isa = PBXNativeTarget;
			buildConfigurationList = 82AE15DC236523A800B631F7 /* Build configuration list for PBXNativeTarget "HomingGame" */;
			buildPhases = (
				82AE15B9236523A700B631F7 /* Sources */,
				82AE15BA236523A700B631F7 /* Frameworks */,
				82AE15BB236523A700B631F7 /* Resources */,
			);
			buildRules = (
			);
			dependencies = (
			);
			name = HomingGame;
			productName = HomingGame;
			productReference = 82AE15BD236523A700B631F7 /* HomingGame.app */;
			productType = "com.apple.product-type.application";
		};
		82AE15D2236523A800B631F7 /* HomingGameTests */ = {
			isa = PBXNativeTarget;
			buildConfigurationList = 82AE15DF236523A800B631F7 /* Build configuration list for PBXNativeTarget "HomingGameTests" */;
			buildPhases = (
				82AE15CF236523A800B631F7 /* Sources */,
				82AE15D0236523A800B631F7 /* Frameworks */,
				82AE15D1236523A800B631F7 /* Resources */,
			);
			buildRules = (
			);
			dependencies = (
				82AE15D5236523A800B631F7 /* PBXTargetDependency */,
			);
			name = HomingGameTests;
			productName = HomingGameTests;
			productReference = 82AE15D3236523A800B631F7 /* HomingGameTests.xctest */;
			productType = "com.apple.product-type.bundle.unit-test";
		};
/* End PBXNativeTarget section */

/* Begin PBXProject section */
		82AE15B5236523A700B631F7 /* Project object */ = {
			isa = PBXProject;
			attributes = {
				LastSwiftUpdateCheck = 1110;
				LastUpgradeCheck = 1110;
				ORGANIZATIONNAME = xiaobao;
				TargetAttributes = {
					82AE15BC236523A700B631F7 = {
						CreatedOnToolsVersion = 11.1;
					};
					82AE15D2236523A800B631F7 = {
						CreatedOnToolsVersion = 11.1;
						TestTargetID = 82AE15BC236523A700B631F7;
					};
				};
			};
			buildConfigurationList = 82AE15B8236523A700B631F7 /* Build configuration list for PBXProject "HomingGame" */;
			compatibilityVersion = "Xcode 9.3";
			developmentRegion = en;
			hasScannedForEncodings = 0;
			knownRegions = (
				en,
				Base,
			);
			mainGroup = 82AE15B4236523A700B631F7;
			productRefGroup = 82AE15BE236523A700B631F7 /* Products */;
			projectDirPath = "";
			projectRoot = "";
			targets = (
				82AE15BC236523A700B631F7 /* HomingGame */,
				82AE15D2236523A800B631F7 /* HomingGameTests */,
			);
		};
/* End PBXProject section */

/* Begin PBXResourcesBuildPhase section */
		82AE15BB236523A700B631F7 /* Resources */ = {
			isa = PBXResourcesBuildPhase;
			buildActionMask = 2147483647;
			files = (
				82AE15CD236523A800B631F7 /* LaunchScreen.storyboard in Resources */,
				82AE15CA236523A800B631F7 /* Assets.xcassets in Resources */,
				82AE15C8236523A700B631F7 /* Main.storyboard in Resources */,
			);
			runOnlyForDeploymentPostprocessing = 0;
		};
		82AE15D1236523A800B631F7 /* Resources */ = {
			isa = PBXResourcesBuildPhase;
			buildActionMask = 2147483647;
			files = (
			);
			runOnlyForDeploymentPostprocessing = 0;
		};
/* End PBXResourcesBuildPhase section */

/* Begin PBXSourcesBuildPhase section */
		82AE15B9236523A700B631F7 /* Sources */ = {
			isa = PBXSourcesBuildPhase;
			buildActionMask = 2147483647;
			files = (
				82AE15C5236523A700B631F7 /* ViewController.swift in Sources */,
				82AE15E32365252D00B631F7 /* BoardView.swift in Sources */,
				82AE15C1236523A700B631F7 /* AppDelegate.swift in Sources */,
				82AE15C3236523A700B631F7 /* SceneDelegate.swift in Sources */,
			);
			runOnlyForDeploymentPostprocessing = 0;
		};
		82AE15CF236523A800B631F7 /* Sources */ = {
			isa = PBXSourcesBuildPhase;
			buildActionMask = 2147483647;
			files = (
				82AE15D8236523A800B631F7 /* HomingGameTests.swift in Sources */,
			);
			runOnlyForDeploymentPostprocessing = 0;
		};
/* End PBXSourcesBuildPhase section */

/* Begin PBXTargetDependency section */
		82AE15D5236523A800B631F7 /* PBXTargetDependency */ = {
			isa = PBXTargetDependency;
			target = 82AE15BC236523A700B631F7 /* HomingGame */;
			targetProxy = 82AE15D4236523A800B631F7 /* PBXContainerItemProxy */;
		};
/* End PBXTargetDependency section */

/* Begin PBXVariantGroup section */
		82AE15C6236523A700B631F7 /* Main.storyboard */ = {
			isa = PBXVariantGroup;
			children = (
				82AE15C7236523A700B631F7 /* Base */,
			);
			name = Main.storyboard;
			sourceTree = "<group>";
		};
		82AE15CB236523A800B631F7 /* LaunchScreen.storyboard */ = {
			isa = PBXVariantGroup;
			children = (
				82AE15CC236523A800B631F7 /* Base */,
			);
			name = LaunchScreen.storyboard;
			sourceTree = "<group>";
		};
/* End PBXVariantGroup section */

/* Begin XCBuildConfiguration section */
		82AE15DA236523A800B631F7 /* Debug */ = {
			isa = XCBuildConfiguration;
			buildSettings = {
				ALWAYS_SEARCH_USER_PATHS = NO;
				CLANG_ANALYZER_NONNULL = YES;
				CLANG_ANALYZER_NUMBER_OBJECT_CONVERSION = YES_AGGRESSIVE;
				CLANG_CXX_LANGUAGE_STANDARD = "gnu++14";
				CLANG_CXX_LIBRARY = "libc++";
				CLANG_ENABLE_MODULES = YES;
				CLANG_ENABLE_OBJC_ARC = YES;
				CLANG_ENABLE_OBJC_WEAK = YES;
				CLANG_WARN_BLOCK_CAPTURE_AUTORELEASING = YES;
				CLANG_WARN_BOOL_CONVERSION = YES;
				CLANG_WARN_COMMA = YES;
				CLANG_WARN_CONSTANT_CONVERSION = YES;
				CLANG_WARN_DEPRECATED_OBJC_IMPLEMENTATIONS = YES;
				CLANG_WARN_DIRECT_OBJC_ISA_USAGE = YES_ERROR;
				CLANG_WARN_DOCUMENTATION_COMMENTS = YES;
				CLANG_WARN_EMPTY_BODY = YES;
				CLANG_WARN_ENUM_CONVERSION = YES;
				CLANG_WARN_INFINITE_RECURSION = YES;
				CLANG_WARN_INT_CONVERSION = YES;
				CLANG_WARN_NON_LITERAL_NULL_CONVERSION = YES;
				CLANG_WARN_OBJC_IMPLICIT_RETAIN_SELF = YES;
				CLANG_WARN_OBJC_LITERAL_CONVERSION = YES;
				CLANG_WARN_OBJC_ROOT_CLASS = YES_ERROR;
				CLANG_WARN_RANGE_LOOP_ANALYSIS = YES;
				CLANG_WARN_STRICT_PROTOTYPES = YES;
				CLANG_WARN_SUSPICIOUS_MOVE = YES;
				CLANG_WARN_UNGUARDED_AVAILABILITY = YES_AGGRESSIVE;
				CLANG_WARN_UNREACHABLE_CODE = YES;
				CLANG_WARN__DUPLICATE_METHOD_MATCH = YES;
				COPY_PHASE_STRIP = NO;
				DEBUG_INFORMATION_FORMAT = dwarf;
				ENABLE_STRICT_OBJC_MSGSEND = YES;
				ENABLE_TESTABILITY = YES;
				GCC_C_LANGUAGE_STANDARD = gnu11;
				GCC_DYNAMIC_NO_PIC = NO;
				GCC_NO_COMMON_BLOCKS = YES;
				GCC_OPTIMIZATION_LEVEL = 0;
				GCC_PREPROCESSOR_DEFINITIONS = (
					"DEBUG=1",
					"$(inherited)",
				);
				GCC_WARN_64_TO_32_BIT_CONVERSION = YES;
				GCC_WARN_ABOUT_RETURN_TYPE = YES_ERROR;
				GCC_WARN_UNDECLARED_SELECTOR = YES;
				GCC_WARN_UNINITIALIZED_AUTOS = YES_AGGRESSIVE;
				GCC_WARN_UNUSED_FUNCTION = YES;
				GCC_WARN_UNUSED_VARIABLE = YES;
				IPHONEOS_DEPLOYMENT_TARGET = 13.1;
				MTL_ENABLE_DEBUG_INFO = INCLUDE_SOURCE;
				MTL_FAST_MATH = YES;
				ONLY_ACTIVE_ARCH = YES;
				SDKROOT = iphoneos;
				SWIFT_ACTIVE_COMPILATION_CONDITIONS = DEBUG;
				SWIFT_OPTIMIZATION_LEVEL = "-Onone";
			};
			name = Debug;
		};
		82AE15DB236523A800B631F7 /* Release */ = {
			isa = XCBuildConfiguration;
			buildSettings = {
				ALWAYS_SEARCH_USER_PATHS = NO;
				CLANG_ANALYZER_NONNULL = YES;
				CLANG_ANALYZER_NUMBER_OBJECT_CONVERSION = YES_AGGRESSIVE;
				CLANG_CXX_LANGUAGE_STANDARD = "gnu++14";
				CLANG_CXX_LIBRARY = "libc++";
				CLANG_ENABLE_MODULES = YES;
				CLANG_ENABLE_OBJC_ARC = YES;
				CLANG_ENABLE_OBJC_WEAK = YES;
				CLANG_WARN_BLOCK_CAPTURE_AUTORELEASING = YES;
				CLANG_WARN_BOOL_CONVERSION = YES;
				CLANG_WARN_COMMA = YES;
				CLANG_WARN_CONSTANT_CONVERSION = YES;
				CLANG_WARN_DEPRECATED_OBJC_IMPLEMENTATIONS = YES;
				CLANG_WARN_DIRECT_OBJC_ISA_USAGE = YES_ERROR;
				CLANG_WARN_DOCUMENTATION_COMMENTS = YES;
				CLANG_WARN_EMPTY_BODY = YES;
				CLANG_WARN_ENUM_CONVERSION = YES;
				CLANG_WARN_INFINITE_RECURSION = YES;
				CLANG_WARN_INT_CONVERSION = YES;
				CLANG_WARN_NON_LITERAL_NULL_CONVERSION = YES;
				CLANG_WARN_OBJC_IMPLICIT_RETAIN_SELF = YES;
				CLANG_WARN_OBJC_LITERAL_CONVERSION = YES;
				CLANG_WARN_OBJC_ROOT_CLASS = YES_ERROR;
				CLANG_WARN_RANGE_LOOP_ANALYSIS = YES;
				CLANG_WARN_STRICT_PROTOTYPES = YES;
				CLANG_WARN_SUSPICIOUS_MOVE = YES;
				CLANG_WARN_UNGUARDED_AVAILABILITY = YES_AGGRESSIVE;
				CLANG_WARN_UNREACHABLE_CODE = YES;
				CLANG_WARN__DUPLICATE_METHOD_MATCH = YES;
				COPY_PHASE_STRIP = NO;
				DEBUG_INFORMATION_FORMAT = "dwarf-with-dsym";
				ENABLE_NS_ASSERTIONS = NO;
				ENABLE_STRICT_OBJC_MSGSEND = YES;
				GCC_C_LANGUAGE_STANDARD = gnu11;
				GCC_NO_COMMON_BLOCKS = YES;
				GCC_WARN_64_TO_32_BIT_CONVERSION = YES;
				GCC_WARN_ABOUT_RETURN_TYPE = YES_ERROR;
				GCC_WARN_UNDECLARED_SELECTOR = YES;
				GCC_WARN_UNINITIALIZED_AUTOS = YES_AGGRESSIVE;
				GCC_WARN_UNUSED_FUNCTION = YES;
				GCC_WARN_UNUSED_VARIABLE = YES;
				IPHONEOS_DEPLOYMENT_TARGET = 13.1;
				MTL_ENABLE_DEBUG_INFO = NO;
				MTL_FAST_MATH = YES;
				SDKROOT = iphoneos;
				SWIFT_COMPILATION_MODE = wholemodule;
				SWIFT_OPTIMIZATION_LEVEL = "-O";
				VALIDATE_PRODUCT = YES;
			};
			name = Release;
		};
		82AE15DD236523A800B631F7 /* Debug */ = {
			isa = XCBuildConfiguration;
			buildSettings = {
				ASSETCATALOG_COMPILER_APPICON_NAME = AppIcon;
				CODE_SIGN_STYLE = Automatic;
				INFOPLIST_FILE = HomingGame/Info.plist;
				LD_RUNPATH_SEARCH_PATHS = (
					"$(inherited)",
					"@executable_path/Frameworks",
				);
				PRODUCT_BUNDLE_IDENTIFIER = com.goldthumb.HomingGame;
				PRODUCT_NAME = "$(TARGET_NAME)";
				SWIFT_VERSION = 5.0;
				TARGETED_DEVICE_FAMILY = "1,2";
			};
			name = Debug;
		};
		82AE15DE236523A800B631F7 /* Release */ = {
			isa = XCBuildConfiguration;
			buildSettings = {
				ASSETCATALOG_COMPILER_APPICON_NAME = AppIcon;
				CODE_SIGN_STYLE = Automatic;
				INFOPLIST_FILE = HomingGame/Info.plist;
				LD_RUNPATH_SEARCH_PATHS = (
					"$(inherited)",
					"@executable_path/Frameworks",
				);
				PRODUCT_BUNDLE_IDENTIFIER = com.goldthumb.HomingGame;
				PRODUCT_NAME = "$(TARGET_NAME)";
				SWIFT_VERSION = 5.0;
				TARGETED_DEVICE_FAMILY = "1,2";
			};
			name = Release;
		};
		82AE15E0236523A800B631F7 /* Debug */ = {
			isa = XCBuildConfiguration;
			buildSettings = {
				ALWAYS_EMBED_SWIFT_STANDARD_LIBRARIES = YES;
				BUNDLE_LOADER = "$(TEST_HOST)";
				CODE_SIGN_STYLE = Automatic;
				INFOPLIST_FILE = HomingGameTests/Info.plist;
				IPHONEOS_DEPLOYMENT_TARGET = 13.1;
				LD_RUNPATH_SEARCH_PATHS = (
					"$(inherited)",
					"@executable_path/Frameworks",
					"@loader_path/Frameworks",
				);
				PRODUCT_BUNDLE_IDENTIFIER = com.goldthumb.HomingGameTests;
				PRODUCT_NAME = "$(TARGET_NAME)";
				SWIFT_VERSION = 5.0;
				TARGETED_DEVICE_FAMILY = "1,2";
				TEST_HOST = "$(BUILT_PRODUCTS_DIR)/HomingGame.app/HomingGame";
			};
			name = Debug;
		};
		82AE15E1236523A800B631F7 /* Release */ = {
			isa = XCBuildConfiguration;
			buildSettings = {
				ALWAYS_EMBED_SWIFT_STANDARD_LIBRARIES = YES;
				BUNDLE_LOADER = "$(TEST_HOST)";
				CODE_SIGN_STYLE = Automatic;
				INFOPLIST_FILE = HomingGameTests/Info.plist;
				IPHONEOS_DEPLOYMENT_TARGET = 13.1;
				LD_RUNPATH_SEARCH_PATHS = (
					"$(inherited)",
					"@executable_path/Frameworks",
					"@loader_path/Frameworks",
				);
				PRODUCT_BUNDLE_IDENTIFIER = com.goldthumb.HomingGameTests;
				PRODUCT_NAME = "$(TARGET_NAME)";
				SWIFT_VERSION = 5.0;
				TARGETED_DEVICE_FAMILY = "1,2";
				TEST_HOST = "$(BUILT_PRODUCTS_DIR)/HomingGame.app/HomingGame";
			};
			name = Release;
		};
/* End XCBuildConfiguration section */

/* Begin XCConfigurationList section */
		82AE15B8236523A700B631F7 /* Build configuration list for PBXProject "HomingGame" */ = {
			isa = XCConfigurationList;
			buildConfigurations = (
				82AE15DA236523A800B631F7 /* Debug */,
				82AE15DB236523A800B631F7 /* Release */,
			);
			defaultConfigurationIsVisible = 0;
			defaultConfigurationName = Release;
		};
		82AE15DC236523A800B631F7 /* Build configuration list for PBXNativeTarget "HomingGame" */ = {
			isa = XCConfigurationList;
			buildConfigurations = (
				82AE15DD236523A800B631F7 /* Debug */,
				82AE15DE236523A800B631F7 /* Release */,
			);
			defaultConfigurationIsVisible = 0;
			defaultConfigurationName = Release;
		};
		82AE15DF236523A800B631F7 /* Build configuration list for PBXNativeTarget "HomingGameTests" */ = {
			isa = XCConfigurationList;
			buildConfigurations = (
				82AE15E0236523A800B631F7 /* Debug */,
				82AE15E1236523A800B631F7 /* Release */,
			);
			defaultConfigurationIsVisible = 0;
			defaultConfigurationName = Release;
		};
/* End XCConfigurationList section */
	};
	rootObject = 82AE15B5236523A700B631F7 /* Project object */;
}
